Microsoft Visual Studio Solution File, Format Version 12.00
# Visual Studio 2012
Project("{FAE04EC0-301F-11D3-BF4B-00C04F79EFBC}") = "Weather App", "Weather App.csproj", "{0D1FDBCC-D966-4B7B-BAC2-26122C004BCE}"
EndProject
Global
	GlobalSection(SolutionConfigurationPlatforms) = preSolution
	Debug|Any CPU = Debug|Any CPU
	ExportDebug|Any CPU = ExportDebug|Any CPU
	ExportRelease|Any CPU = ExportRelease|Any CPU
	EndGlobalSection
	GlobalSection(ProjectConfigurationPlatforms) = postSolution
		{0D1FDBCC-D966-4B7B-BAC2-26122C004BCE}.Debug|Any CPU.ActiveCfg = Debug|Any CPU
		{0D1FDBCC-D966-4B7B-BAC2-26122C004BCE}.Debug|Any CPU.Build.0 = Debug|Any CPU
		{0D1FDBCC-D966-4B7B-BAC2-26122C004BCE}.ExportDebug|Any CPU.ActiveCfg = ExportDebug|Any CPU
		{0D1FDBCC-D966-4B7B-BAC2-26122C004BCE}.ExportDebug|Any CPU.Build.0 = ExportDebug|Any CPU
		{0D1FDBCC-D966-4B7B-BAC2-26122C004BCE}.ExportRelease|Any CPU.ActiveCfg = ExportRelease|Any CPU
		{0D1FDBCC-D966-4B7B-BAC2-26122C004BCE}.ExportRelease|Any CPU.Build.0 = ExportRelease|Any CPU
	EndGlobalSection
EndGlobal
